
Microsoft Visual Studio Solution File, Format Version 12.00
# Visual Studio Version 17
VisualStudioVersion = 17.6.33815.320
MinimumVisualStudioVersion = 10.0.40219.1
Project("{9A19103F-16F7-4668-BE54-9A1E7A4F7556}") = "Robi-N_WebAPI", "Robi-N_WebAPI\Robi-N_WebAPI.csproj", "{3ACF99C1-913A-4440-855F-D0432827571B}"
EndProject
Project("{FAE04EC0-301F-11D3-BF4B-00C04F79EFBC}") = "NetGSMService", "NetGSMService\NetGSMService.csproj", "{3D05DD62-B7AE-4E39-9BB0-03D179AF3F5C}"
EndProject
Project("{FAE04EC0-301F-11D3-BF4B-00C04F79EFBC}") = "DBService", "DBService\DBService.csproj", "{943F1580-358F-4C21-8ED7-6F6CEFE4B6D4}"
EndProject
Project("{9A19103F-16F7-4668-BE54-9A1E7A4F7556}") = "MailEntity", "MailEntity\MailEntity.csproj", "{E0A0497C-780E-4744-A342-858E48B6388D}"
EndProject
Project("{FAE04EC0-301F-11D3-BF4B-00C04F79EFBC}") = "GoogleCloudUtility", "GoogleCloudUtility\GoogleCloudUtility.csproj", "{ABE0D827-46C1-4CD4-913A-CA7DF8A5C4A9}"
EndProject
Global
	GlobalSection(SolutionConfigurationPlatforms) = preSolution
		Debug|Any CPU = Debug|Any CPU
		Release|Any CPU = Release|Any CPU
	EndGlobalSection
	GlobalSection(ProjectConfigurationPlatforms) = postSolution
		{3ACF99C1-913A-4440-855F-D0432827571B}.Debug|Any CPU.ActiveCfg = Debug|Any CPU
		{3ACF99C1-913A-4440-855F-D0432827571B}.Debug|Any CPU.Build.0 = Debug|Any CPU
		{3ACF99C1-913A-4440-855F-D0432827571B}.Release|Any CPU.ActiveCfg = Release|Any CPU
		{3ACF99C1-913A-4440-855F-D0432827571B}.Release|Any CPU.Build.0 = Release|Any CPU
		{3D05DD62-B7AE-4E39-9BB0-03D179AF3F5C}.Debug|Any CPU.ActiveCfg = Debug|Any CPU
		{3D05DD62-B7AE-4E39-9BB0-03D179AF3F5C}.Debug|Any CPU.Build.0 = Debug|Any CPU
		{3D05DD62-B7AE-4E39-9BB0-03D179AF3F5C}.Release|Any CPU.ActiveCfg = Release|Any CPU
		{3D05DD62-B7AE-4E39-9BB0-03D179AF3F5C}.Release|Any CPU.Build.0 = Release|Any CPU
		{943F1580-358F-4C21-8ED7-6F6CEFE4B6D4}.Debug|Any CPU.ActiveCfg = Debug|Any CPU
		{943F1580-358F-4C21-8ED7-6F6CEFE4B6D4}.Debug|Any CPU.Build.0 = Debug|Any CPU
		{943F1580-358F-4C21-8ED7-6F6CEFE4B6D4}.Release|Any CPU.ActiveCfg = Release|Any CPU
		{943F1580-358F-4C21-8ED7-6F6CEFE4B6D4}.Release|Any CPU.Build.0 = Release|Any CPU
		{E0A0497C-780E-4744-A342-858E48B6388D}.Debug|Any CPU.ActiveCfg = Debug|Any CPU
		{E0A0497C-780E-4744-A342-858E48B6388D}.Debug|Any CPU.Build.0 = Debug|Any CPU
		{E0A0497C-780E-4744-A342-858E48B6388D}.Release|Any CPU.ActiveCfg = Release|Any CPU
		{E0A0497C-780E-4744-A342-858E48B6388D}.Release|Any CPU.Build.0 = Release|Any CPU
		{ABE0D827-46C1-4CD4-913A-CA7DF8A5C4A9}.Debug|Any CPU.ActiveCfg = Debug|Any CPU
		{ABE0D827-46C1-4CD4-913A-CA7DF8A5C4A9}.Debug|Any CPU.Build.0 = Debug|Any CPU
		{ABE0D827-46C1-4CD4-913A-CA7DF8A5C4A9}.Release|Any CPU.ActiveCfg = Release|Any CPU
		{ABE0D827-46C1-4CD4-913A-CA7DF8A5C4A9}.Release|Any CPU.Build.0 = Release|Any CPU
	EndGlobalSection
	GlobalSection(SolutionProperties) = preSolution
		HideSolutionNode = FALSE
	EndGlobalSection
	GlobalSection(ExtensibilityGlobals) = postSolution
		SolutionGuid = {11036FDD-B969-48AC-BD4B-19BBFF23B4DD}
	EndGlobalSection
EndGlobal
